
Microsoft Visual Studio Solution File, Format Version 12.00
# Visual Studio Version 17
VisualStudioVersion = 17.6.33723.286
MinimumVisualStudioVersion = 10.0.40219.1
Project("{9A19103F-16F7-4668-BE54-9A1E7A4F7556}") = "Evidence_Mid_11.Server", "Evidence_Mid_11\Server\Evidence_Mid_11.Server.csproj", "{903C7756-83AA-4F9D-8B57-477548EB6B12}"
EndProject
Project("{9A19103F-16F7-4668-BE54-9A1E7A4F7556}") = "Evidence_Mid_11.Client", "Evidence_Mid_11\Client\Evidence_Mid_11.Client.csproj", "{2A9870B1-9E9A-4BB6-92C1-AF558B1F1102}"
EndProject
Project("{9A19103F-16F7-4668-BE54-9A1E7A4F7556}") = "Evidence_Mid_11.Shared", "Evidence_Mid_11\Shared\Evidence_Mid_11.Shared.csproj", "{E488DA97-CA96-4B0D-A982-638B3D2C4327}"
EndProject
Global
	GlobalSection(SolutionConfigurationPlatforms) = preSolution
		Debug|Any CPU = Debug|Any CPU
		Release|Any CPU = Release|Any CPU
	EndGlobalSection
	GlobalSection(ProjectConfigurationPlatforms) = postSolution
		{903C7756-83AA-4F9D-8B57-477548EB6B12}.Debug|Any CPU.ActiveCfg = Debug|Any CPU
		{903C7756-83AA-4F9D-8B57-477548EB6B12}.Debug|Any CPU.Build.0 = Debug|Any CPU
		{903C7756-83AA-4F9D-8B57-477548EB6B12}.Release|Any CPU.ActiveCfg = Release|Any CPU
		{903C7756-83AA-4F9D-8B57-477548EB6B12}.Release|Any CPU.Build.0 = Release|Any CPU
		{2A9870B1-9E9A-4BB6-92C1-AF558B1F1102}.Debug|Any CPU.ActiveCfg = Debug|Any CPU
		{2A9870B1-9E9A-4BB6-92C1-AF558B1F1102}.Debug|Any CPU.Build.0 = Debug|Any CPU
		{2A9870B1-9E9A-4BB6-92C1-AF558B1F1102}.Release|Any CPU.ActiveCfg = Release|Any CPU
		{2A9870B1-9E9A-4BB6-92C1-AF558B1F1102}.Release|Any CPU.Build.0 = Release|Any CPU
		{E488DA97-CA96-4B0D-A982-638B3D2C4327}.Debug|Any CPU.ActiveCfg = Debug|Any CPU
		{E488DA97-CA96-4B0D-A982-638B3D2C4327}.Debug|Any CPU.Build.0 = Debug|Any CPU
		{E488DA97-CA96-4B0D-A982-638B3D2C4327}.Release|Any CPU.ActiveCfg = Release|Any CPU
		{E488DA97-CA96-4B0D-A982-638B3D2C4327}.Release|Any CPU.Build.0 = Release|Any CPU
	EndGlobalSection
	GlobalSection(SolutionProperties) = preSolution
		HideSolutionNode = FALSE
	EndGlobalSection
	GlobalSection(ExtensibilityGlobals) = postSolution
		SolutionGuid = {EA7D9032-26F8-4836-A6A4-293566CFBE2E}
	EndGlobalSection
EndGlobal
